{
  "name": "akagi-kobalab-bot",
  "version": "0.2.2",
  "lockfileVersion": 3,
  "requires": true,
  "packages": {
    "": {
      "name": "akagi-kobalab-bot",
      "version": "0.2.2",
      "license": "MIT",
      "dependencies": {
        "@kobalab/majiang-ai": "^1.2.0",
        "@kobalab/majiang-core": "^1.3.5"
      }
    },
    "node_modules/@kobalab/majiang-ai": {
      "version": "1.2.0",
      "resolved": "https://repo.huaweicloud.com/repository/npm/@kobalab/majiang-ai/-/majiang-ai-1.2.0.tgz",
      "integrity": "sha512-c6ZeToq8cZJKjfa9tCUSevziN4nI8pD/cjdJnoLSpIdAb3/h/1p0cdWEsiov52CmmBHFliejSVfYd3SWBY73og==",
      "license": "MIT",
      "dependencies": {
        "@kobalab/majiang-core": "^1.3.4"
      }
    },
    "node_modules/@kobalab/majiang-core": {
      "version": "1.4.1",
      "resolved": "https://repo.huaweicloud.com/repository/npm/@kobalab/majiang-core/-/majiang-core-1.4.1.tgz",
      "integrity": "sha512-60jLSDCpSEy6gZK+uBoH7JRc1epzJWSzfh94LiZllLmPW8UJ+f9A8m74c8d9mMv+LVbnxKkg8TC86sKNqaD6VQ==",
      "license": "MIT"
    }
  }
}
